
Microsoft Visual Studio Solution File, Format Version 12.00
# Visual Studio Version 17
VisualStudioVersion = 17.7.34024.191
MinimumVisualStudioVersion = 10.0.40219.1
Project("{9A19103F-16F7-4668-BE54-9A1E7A4F7556}") = "UplersTodo", "UplersTodo\UplersTodo.csproj", "{376D2DCF-F05E-4703-9D6E-4ED1C1429EE9}"
EndProject
Project("{9A19103F-16F7-4668-BE54-9A1E7A4F7556}") = "BusinessData", "BusinessData\BusinessData.csproj", "{C6637B80-0E59-427A-9799-EC1114FF8F90}"
EndProject
Project("{9A19103F-16F7-4668-BE54-9A1E7A4F7556}") = "BusinessEntities", "BusinessEntities\BusinessEntities.csproj", "{730A0B64-E653-47D6-AEF9-40FAE4D32FEF}"
EndProject
Project("{9A19103F-16F7-4668-BE54-9A1E7A4F7556}") = "BusinessModel", "BusinessModel\BusinessModel.csproj", "{906333BC-BACC-48BF-BB0E-9850EB15D607}"
EndProject
Project("{FAE04EC0-301F-11D3-BF4B-00C04F79EFBC}") = "TodoTest", "TodoTest\TodoTest.csproj", "{DDF09607-6842-4151-9C9F-4BE173D26ABC}"
EndProject
Global
	GlobalSection(SolutionConfigurationPlatforms) = preSolution
		Debug|Any CPU = Debug|Any CPU
		Release|Any CPU = Release|Any CPU
	EndGlobalSection
	GlobalSection(ProjectConfigurationPlatforms) = postSolution
		{376D2DCF-F05E-4703-9D6E-4ED1C1429EE9}.Debug|Any CPU.ActiveCfg = Debug|Any CPU
		{376D2DCF-F05E-4703-9D6E-4ED1C1429EE9}.Debug|Any CPU.Build.0 = Debug|Any CPU
		{376D2DCF-F05E-4703-9D6E-4ED1C1429EE9}.Release|Any CPU.ActiveCfg = Release|Any CPU
		{376D2DCF-F05E-4703-9D6E-4ED1C1429EE9}.Release|Any CPU.Build.0 = Release|Any CPU
		{C6637B80-0E59-427A-9799-EC1114FF8F90}.Debug|Any CPU.ActiveCfg = Debug|Any CPU
		{C6637B80-0E59-427A-9799-EC1114FF8F90}.Debug|Any CPU.Build.0 = Debug|Any CPU
		{C6637B80-0E59-427A-9799-EC1114FF8F90}.Release|Any CPU.ActiveCfg = Release|Any CPU
		{C6637B80-0E59-427A-9799-EC1114FF8F90}.Release|Any CPU.Build.0 = Release|Any CPU
		{730A0B64-E653-47D6-AEF9-40FAE4D32FEF}.Debug|Any CPU.ActiveCfg = Debug|Any CPU
		{730A0B64-E653-47D6-AEF9-40FAE4D32FEF}.Debug|Any CPU.Build.0 = Debug|Any CPU
		{730A0B64-E653-47D6-AEF9-40FAE4D32FEF}.Release|Any CPU.ActiveCfg = Release|Any CPU
		{730A0B64-E653-47D6-AEF9-40FAE4D32FEF}.Release|Any CPU.Build.0 = Release|Any CPU
		{906333BC-BACC-48BF-BB0E-9850EB15D607}.Debug|Any CPU.ActiveCfg = Debug|Any CPU
		{906333BC-BACC-48BF-BB0E-9850EB15D607}.Debug|Any CPU.Build.0 = Debug|Any CPU
		{906333BC-BACC-48BF-BB0E-9850EB15D607}.Release|Any CPU.ActiveCfg = Release|Any CPU
		{906333BC-BACC-48BF-BB0E-9850EB15D607}.Release|Any CPU.Build.0 = Release|Any CPU
		{DDF09607-6842-4151-9C9F-4BE173D26ABC}.Debug|Any CPU.ActiveCfg = Debug|Any CPU
		{DDF09607-6842-4151-9C9F-4BE173D26ABC}.Debug|Any CPU.Build.0 = Debug|Any CPU
		{DDF09607-6842-4151-9C9F-4BE173D26ABC}.Release|Any CPU.ActiveCfg = Release|Any CPU
		{DDF09607-6842-4151-9C9F-4BE173D26ABC}.Release|Any CPU.Build.0 = Release|Any CPU
	EndGlobalSection
	GlobalSection(SolutionProperties) = preSolution
		HideSolutionNode = FALSE
	EndGlobalSection
	GlobalSection(ExtensibilityGlobals) = postSolution
		SolutionGuid = {04B10DC8-DF5B-478D-B3C6-5A31F30F69B5}
	EndGlobalSection
EndGlobal
